
Microsoft Visual Studio Solution File, Format Version 12.00
# Visual Studio Version 17
VisualStudioVersion = 17.12.35527.113
MinimumVisualStudioVersion = 10.0.40219.1
Project("{FAE04EC0-301F-11D3-BF4B-00C04F79EFBC}") = "MovieDb.Api", "src\MovieDb.Api\MovieDb.Api.csproj", "{C4AF3DCE-982B-47D1-9B20-5BAC596B290C}"
EndProject
Project("{2150E333-8FDC-42A3-9474-1A3956D46DE8}") = "src", "src", "{EA621346-98AE-4507-A424-22E6CEDA6DCC}"
EndProject
Project("{2150E333-8FDC-42A3-9474-1A3956D46DE8}") = "tests", "tests", "{A29C6362-A968-4D2F-B6A5-315B4A718080}"
EndProject
Project("{2150E333-8FDC-42A3-9474-1A3956D46DE8}") = "assets", "assets", "{50E5E98D-FAE9-44B5-8283-C5E771EF52CE}"
	ProjectSection(SolutionItems) = preProject
		MovieDb.Api\Assets\mymoviedb.csv = MovieDb.Api\Assets\mymoviedb.csv
	EndProjectSection
EndProject
Project("{FAE04EC0-301F-11D3-BF4B-00C04F79EFBC}") = "MovieDb.Infrastructure", "src\MovieDb.Infrastructure\MovieDb.Infrastructure.csproj", "{E8A31455-9E81-4443-902E-71EE2B6FDFC8}"
EndProject
Project("{FAE04EC0-301F-11D3-BF4B-00C04F79EFBC}") = "MovieDb.Domain", "src\MovieDb.Domain\MovieDb.Domain.csproj", "{0BC75B26-6A38-4E21-9567-A9085D88A82E}"
EndProject
Project("{FAE04EC0-301F-11D3-BF4B-00C04F79EFBC}") = "MovieDb.Application", "src\MovieDb.Application\MovieDb.Application.csproj", "{461D1550-F22B-4D56-9964-33D05FF1773F}"
EndProject
Project("{FAE04EC0-301F-11D3-BF4B-00C04F79EFBC}") = "MovieDb.UI", "src\MovieDb.UI\MovieDb.UI.csproj", "{7BFF7F99-9019-4DBB-B948-B0DBD6E699DF}"
EndProject
Project("{FAE04EC0-301F-11D3-BF4B-00C04F79EFBC}") = "MovieDb.Tests", "tests\MovieDb.Tests\MovieDb.Tests.csproj", "{DAB31AD3-9612-41CD-B4DF-59753CE5DA15}"
EndProject
Global
	GlobalSection(SolutionConfigurationPlatforms) = preSolution
		Debug|Any CPU = Debug|Any CPU
		Release|Any CPU = Release|Any CPU
	EndGlobalSection
	GlobalSection(ProjectConfigurationPlatforms) = postSolution
		{C4AF3DCE-982B-47D1-9B20-5BAC596B290C}.Debug|Any CPU.ActiveCfg = Debug|Any CPU
		{C4AF3DCE-982B-47D1-9B20-5BAC596B290C}.Debug|Any CPU.Build.0 = Debug|Any CPU
		{C4AF3DCE-982B-47D1-9B20-5BAC596B290C}.Release|Any CPU.ActiveCfg = Release|Any CPU
		{C4AF3DCE-982B-47D1-9B20-5BAC596B290C}.Release|Any CPU.Build.0 = Release|Any CPU
		{E8A31455-9E81-4443-902E-71EE2B6FDFC8}.Debug|Any CPU.ActiveCfg = Debug|Any CPU
		{E8A31455-9E81-4443-902E-71EE2B6FDFC8}.Debug|Any CPU.Build.0 = Debug|Any CPU
		{E8A31455-9E81-4443-902E-71EE2B6FDFC8}.Release|Any CPU.ActiveCfg = Release|Any CPU
		{E8A31455-9E81-4443-902E-71EE2B6FDFC8}.Release|Any CPU.Build.0 = Release|Any CPU
		{0BC75B26-6A38-4E21-9567-A9085D88A82E}.Debug|Any CPU.ActiveCfg = Debug|Any CPU
		{0BC75B26-6A38-4E21-9567-A9085D88A82E}.Debug|Any CPU.Build.0 = Debug|Any CPU
		{0BC75B26-6A38-4E21-9567-A9085D88A82E}.Release|Any CPU.ActiveCfg = Release|Any CPU
		{0BC75B26-6A38-4E21-9567-A9085D88A82E}.Release|Any CPU.Build.0 = Release|Any CPU
		{461D1550-F22B-4D56-9964-33D05FF1773F}.Debug|Any CPU.ActiveCfg = Debug|Any CPU
		{461D1550-F22B-4D56-9964-33D05FF1773F}.Debug|Any CPU.Build.0 = Debug|Any CPU
		{461D1550-F22B-4D56-9964-33D05FF1773F}.Release|Any CPU.ActiveCfg = Release|Any CPU
		{461D1550-F22B-4D56-9964-33D05FF1773F}.Release|Any CPU.Build.0 = Release|Any CPU
		{7BFF7F99-9019-4DBB-B948-B0DBD6E699DF}.Debug|Any CPU.ActiveCfg = Debug|Any CPU
		{7BFF7F99-9019-4DBB-B948-B0DBD6E699DF}.Debug|Any CPU.Build.0 = Debug|Any CPU
		{7BFF7F99-9019-4DBB-B948-B0DBD6E699DF}.Release|Any CPU.ActiveCfg = Release|Any CPU
		{7BFF7F99-9019-4DBB-B948-B0DBD6E699DF}.Release|Any CPU.Build.0 = Release|Any CPU
		{DAB31AD3-9612-41CD-B4DF-59753CE5DA15}.Debug|Any CPU.ActiveCfg = Debug|Any CPU
		{DAB31AD3-9612-41CD-B4DF-59753CE5DA15}.Debug|Any CPU.Build.0 = Debug|Any CPU
		{DAB31AD3-9612-41CD-B4DF-59753CE5DA15}.Release|Any CPU.ActiveCfg = Release|Any CPU
		{DAB31AD3-9612-41CD-B4DF-59753CE5DA15}.Release|Any CPU.Build.0 = Release|Any CPU
	EndGlobalSection
	GlobalSection(SolutionProperties) = preSolution
		HideSolutionNode = FALSE
	EndGlobalSection
	GlobalSection(NestedProjects) = preSolution
		{C4AF3DCE-982B-47D1-9B20-5BAC596B290C} = {EA621346-98AE-4507-A424-22E6CEDA6DCC}
		{E8A31455-9E81-4443-902E-71EE2B6FDFC8} = {EA621346-98AE-4507-A424-22E6CEDA6DCC}
		{0BC75B26-6A38-4E21-9567-A9085D88A82E} = {EA621346-98AE-4507-A424-22E6CEDA6DCC}
		{461D1550-F22B-4D56-9964-33D05FF1773F} = {EA621346-98AE-4507-A424-22E6CEDA6DCC}
		{7BFF7F99-9019-4DBB-B948-B0DBD6E699DF} = {EA621346-98AE-4507-A424-22E6CEDA6DCC}
		{DAB31AD3-9612-41CD-B4DF-59753CE5DA15} = {A29C6362-A968-4D2F-B6A5-315B4A718080}
	EndGlobalSection
EndGlobal
